{
  "name": "learn-browserify",
  "version": "1.0.0",
  "lockfileVersion": 1,
  "requires": true,
  "dependencies": {
    "js-video-url-parser": {
      "version": "0.3.3",
      "resolved": "https://registry.npmjs.org/js-video-url-parser/-/js-video-url-parser-0.3.3.tgz",
      "integrity": "sha512-kLzQ+MybGYiD9t7UQmZalhiD22cXSda1svKYpU7In9+KSo3pL3Vrh+ExAP4Zqt2F5WH6+hgJ8loC4kuMMW4kBw=="
    }
  }
}
